// !$*UTF8*$!
{
	archiveVersion = 1;
	classes = {
	};
	objectVersion = 56;
	objects = {

/* Begin PBXBuildFile section */
		CB110F442AF1C2420017265C /* AppDelegate.swift in Sources */ = {isa = PBXBuildFile; fileRef = CB110F432AF1C2420017265C /* AppDelegate.swift */; };
		CB110F462AF1C2420017265C /* SceneDelegate.swift in Sources */ = {isa = PBXBuildFile; fileRef = CB110F452AF1C2420017265C /* SceneDelegate.swift */; };
		CB110F482AF1C2420017265C /* ViewController.swift in Sources */ = {isa = PBXBuildFile; fileRef = CB110F472AF1C2420017265C /* ViewController.swift */; };
		CB110F4B2AF1C2420017265C /* Main.storyboard in Resources */ = {isa = PBXBuildFile; fileRef = CB110F492AF1C2420017265C /* Main.storyboard */; };
		CB110F4D2AF1C2430017265C /* Assets.xcassets in Resources */ = {isa = PBXBuildFile; fileRef = CB110F4C2AF1C2430017265C /* Assets.xcassets */; };
		CB110F502AF1C2430017265C /* LaunchScreen.storyboard in Resources */ = {isa = PBXBuildFile; fileRef = CB110F4E2AF1C2430017265C /* LaunchScreen.storyboard */; };
		CB110F5B2AF1C2430017265C /* Halloween_Candy_AppTests.swift in Sources */ = {isa = PBXBuildFile; fileRef = CB110F5A2AF1C2430017265C /* Halloween_Candy_AppTests.swift */; };
		CB110F652AF1C2430017265C /* Halloween_Candy_AppUITests.swift in Sources */ = {isa = PBXBuildFile; fileRef = CB110F642AF1C2430017265C /* Halloween_Candy_AppUITests.swift */; };
		CB110F672AF1C2430017265C /* Halloween_Candy_AppUITestsLaunchTests.swift in Sources */ = {isa = PBXBuildFile; fileRef = CB110F662AF1C2430017265C /* Halloween_Candy_AppUITestsLaunchTests.swift */; };
		CB110F742AF1C4700017265C /* secondViewController.swift in Sources */ = {isa = PBXBuildFile; fileRef = CB110F732AF1C4700017265C /* secondViewController.swift */; };
		CB110F762AF1C47C0017265C /* thirdViewController.swift in Sources */ = {isa = PBXBuildFile; fileRef = CB110F752AF1C47C0017265C /* thirdViewController.swift */; };
		CB110F782AF1C48C0017265C /* fourthViewController.swift in Sources */ = {isa = PBXBuildFile; fileRef = CB110F772AF1C48C0017265C /* fourthViewController.swift */; };
		CB110F7A2AF1C4950017265C /* fifthViewController.swift in Sources */ = {isa = PBXBuildFile; fileRef = CB110F792AF1C4950017265C /* fifthViewController.swift */; };
		CB110F7C2AF45EAF0017265C /* Property List.plist in Resources */ = {isa = PBXBuildFile; fileRef = CB110F7B2AF45EAF0017265C /* Property List.plist */; };
		CB110F7E2AF466FC0017265C /* secondTableDetailViewController.swift in Sources */ = {isa = PBXBuildFile; fileRef = CB110F7D2AF466FC0017265C /* secondTableDetailViewController.swift */; };
		CBB95DE92AFAFADC006AFF77 /* secondTableViewController.swift in Sources */ = {isa = PBXBuildFile; fileRef = CBB95DE82AFAFADB006AFF77 /* secondTableViewController.swift */; };
/* End PBXBuildFile section */

/* Begin PBXContainerItemProxy section */
		CB110F572AF1C2430017265C /* PBXContainerItemProxy */ = {
			isa = PBXContainerItemProxy;
			containerPortal = CB110F382AF1C2420017265C /* Project object */;
			proxyType = 1;
			remoteGlobalIDString = CB110F3F2AF1C2420017265C;
			remoteInfo = "Halloween Candy App";
		};
		CB110F612AF1C2430017265C /* PBXContainerItemProxy */ = {
			isa = PBXContainerItemProxy;
			containerPortal = CB110F382AF1C2420017265C /* Project object */;
			proxyType = 1;
			remoteGlobalIDString = CB110F3F2AF1C2420017265C;
			remoteInfo = "Halloween Candy App";
		};
/* End PBXContainerItemProxy section */

/* Begin PBXFileReference section */
		CB110F402AF1C2420017265C /* Halloween Candy App.app */ = {isa = PBXFileReference; explicitFileType = wrapper.application; includeInIndex = 0; path = "Halloween Candy App.app"; sourceTree = BUILT_PRODUCTS_DIR; };
		CB110F432AF1C2420017265C /* AppDelegate.swift */ = {isa = PBXFileReference; lastKnownFileType = sourcecode.swift; path = AppDelegate.swift; sourceTree = "<group>"; };
		CB110F452AF1C2420017265C /* SceneDelegate.swift */ = {isa = PBXFileReference; lastKnownFileType = sourcecode.swift; path = SceneDelegate.swift; sourceTree = "<group>"; };
		CB110F472AF1C2420017265C /* ViewController.swift */ = {isa = PBXFileReference; lastKnownFileType = sourcecode.swift; path = ViewController.swift; sourceTree = "<group>"; };
		CB110F4A2AF1C2420017265C /* Base */ = {isa = PBXFileReference; lastKnownFileType = file.storyboard; name = Base; path = Base.lproj/Main.storyboard; sourceTree = "<group>"; };
		CB110F4C2AF1C2430017265C /* Assets.xcassets */ = {isa = PBXFileReference; lastKnownFileType = folder.assetcatalog; path = Assets.xcassets; sourceTree = "<group>"; };
		CB110F4F2AF1C2430017265C /* Base */ = {isa = PBXFileReference; lastKnownFileType = file.storyboard; name = Base; path = Base.lproj/LaunchScreen.storyboard; sourceTree = "<group>"; };
		CB110F512AF1C2430017265C /* Info.plist */ = {isa = PBXFileReference; lastKnownFileType = text.plist.xml; path = Info.plist; sourceTree = "<group>"; };
		CB110F562AF1C2430017265C /* Halloween Candy AppTests.xctest */ = {isa = PBXFileReference; explicitFileType = wrapper.cfbundle; includeInIndex = 0; path = "Halloween Candy AppTests.xctest"; sourceTree = BUILT_PRODUCTS_DIR; };
		CB110F5A2AF1C2430017265C /* Halloween_Candy_AppTests.swift */ = {isa = PBXFileReference; lastKnownFileType = sourcecode.swift; path = Halloween_Candy_AppTests.swift; sourceTree = "<group>"; };
		CB110F602AF1C2430017265C /* Halloween Candy AppUITests.xctest */ = {isa = PBXFileReference; explicitFileType = wrapper.cfbundle; includeInIndex = 0; path = "Halloween Candy AppUITests.xctest"; sourceTree = BUILT_PRODUCTS_DIR; };
		CB110F642AF1C2430017265C /* Halloween_Candy_AppUITests.swift */ = {isa = PBXFileReference; lastKnownFileType = sourcecode.swift; path = Halloween_Candy_AppUITests.swift; sourceTree = "<group>"; };
		CB110F662AF1C2430017265C /* Halloween_Candy_AppUITestsLaunchTests.swift */ = {isa = PBXFileReference; lastKnownFileType = sourcecode.swift; path = Halloween_Candy_AppUITestsLaunchTests.swift; sourceTree = "<group>"; };
		CB110F732AF1C4700017265C /* secondViewController.swift */ = {isa = PBXFileReference; lastKnownFileType = sourcecode.swift; path = secondViewController.swift; sourceTree = "<group>"; };
		CB110F752AF1C47C0017265C /* thirdViewController.swift */ = {isa = PBXFileReference; lastKnownFileType = sourcecode.swift; path = thirdViewController.swift; sourceTree = "<group>"; };
		CB110F772AF1C48C0017265C /* fourthViewController.swift */ = {isa = PBXFileReference; lastKnownFileType = sourcecode.swift; path = fourthViewController.swift; sourceTree = "<group>"; };
		CB110F792AF1C4950017265C /* fifthViewController.swift */ = {isa = PBXFileReference; lastKnownFileType = sourcecode.swift; path = fifthViewController.swift; sourceTree = "<group>"; };
		CB110F7B2AF45EAF0017265C /* Property List.plist */ = {isa = PBXFileReference; lastKnownFileType = text.plist.xml; path = "Property List.plist"; sourceTree = "<group>"; };
		CB110F7D2AF466FC0017265C /* secondTableDetailViewController.swift */ = {isa = PBXFileReference; lastKnownFileType = sourcecode.swift; path = secondTableDetailViewController.swift; sourceTree = "<group>"; };
		CBB95DE82AFAFADB006AFF77 /* secondTableViewController.swift */ = {isa = PBXFileReference; lastKnownFileType = sourcecode.swift; path = secondTableViewController.swift; sourceTree = "<group>"; };
/* End PBXFileReference section */

/* Begin PBXFrameworksBuildPhase section */
		CB110F3D2AF1C2420017265C /* Frameworks */ = {
			isa = PBXFrameworksBuildPhase;
			buildActionMask = 2147483647;
			files = (
			);
			runOnlyForDeploymentPostprocessing = 0;
		};
		CB110F532AF1C2430017265C /* Frameworks */ = {
			isa = PBXFrameworksBuildPhase;
			buildActionMask = 2147483647;
			files = (
			);
			runOnlyForDeploymentPostprocessing = 0;
		};
		CB110F5D2AF1C2430017265C /* Frameworks */ = {
			isa = PBXFrameworksBuildPhase;
			buildActionMask = 2147483647;
			files = (
			);
			runOnlyForDeploymentPostprocessing = 0;
		};
/* End PBXFrameworksBuildPhase section */

/* Begin PBXGroup section */
		CB110F372AF1C2420017265C = {
			isa = PBXGroup;
			children = (
				CB110F422AF1C2420017265C /* Halloween Candy App */,
				CB110F592AF1C2430017265C /* Halloween Candy AppTests */,
				CB110F632AF1C2430017265C /* Halloween Candy AppUITests */,
				CB110F412AF1C2420017265C /* Products */,
			);
			sourceTree = "<group>";
		};
		CB110F412AF1C2420017265C /* Products */ = {
			isa = PBXGroup;
			children = (
				CB110F402AF1C2420017265C /* Halloween Candy App.app */,
				CB110F562AF1C2430017265C /* Halloween Candy AppTests.xctest */,
				CB110F602AF1C2430017265C /* Halloween Candy AppUITests.xctest */,
			);
			name = Products;
			sourceTree = "<group>";
		};
		CB110F422AF1C2420017265C /* Halloween Candy App */ = {
			isa = PBXGroup;
			children = (
				CB110F432AF1C2420017265C /* AppDelegate.swift */,
				CB110F452AF1C2420017265C /* SceneDelegate.swift */,
				CB110F472AF1C2420017265C /* ViewController.swift */,
				CB110F492AF1C2420017265C /* Main.storyboard */,
				CBB95DE82AFAFADB006AFF77 /* secondTableViewController.swift */,
				CB110F7D2AF466FC0017265C /* secondTableDetailViewController.swift */,
				CB110F732AF1C4700017265C /* secondViewController.swift */,
				CB110F7B2AF45EAF0017265C /* Property List.plist */,
				CB110F752AF1C47C0017265C /* thirdViewController.swift */,
				CB110F772AF1C48C0017265C /* fourthViewController.swift */,
				CB110F792AF1C4950017265C /* fifthViewController.swift */,
				CB110F4C2AF1C2430017265C /* Assets.xcassets */,
				CB110F4E2AF1C2430017265C /* LaunchScreen.storyboard */,
				CB110F512AF1C2430017265C /* Info.plist */,
			);
			path = "Halloween Candy App";
			sourceTree = "<group>";
		};
		CB110F592AF1C2430017265C /* Halloween Candy AppTests */ = {
			isa = PBXGroup;
			children = (
				CB110F5A2AF1C2430017265C /* Halloween_Candy_AppTests.swift */,
			);
			path = "Halloween Candy AppTests";
			sourceTree = "<group>";
		};
		CB110F632AF1C2430017265C /* Halloween Candy AppUITests */ = {
			isa = PBXGroup;
			children = (
				CB110F642AF1C2430017265C /* Halloween_Candy_AppUITests.swift */,
				CB110F662AF1C2430017265C /* Halloween_Candy_AppUITestsLaunchTests.swift */,
			);
			path = "Halloween Candy AppUITests";
			sourceTree = "<group>";
		};
/* End PBXGroup section */

/* Begin PBXNativeTarget section */
		CB110F3F2AF1C2420017265C /* Halloween Candy App */ = {
			isa = PBXNativeTarget;
			buildConfigurationList = CB110F6A2AF1C2430017265C /* Build configuration list for PBXNativeTarget "Halloween Candy App" */;
			buildPhases = (
				CB110F3C2AF1C2420017265C /* Sources */,
				CB110F3D2AF1C2420017265C /* Frameworks */,
				CB110F3E2AF1C2420017265C /* Resources */,
			);
			buildRules = (
			);
			dependencies = (
			);
			name = "Halloween Candy App";
			productName = "Halloween Candy App";
			productReference = CB110F402AF1C2420017265C /* Halloween Candy App.app */;
			productType = "com.apple.product-type.application";
		};
		CB110F552AF1C2430017265C /* Halloween Candy AppTests */ = {
			isa = PBXNativeTarget;
			buildConfigurationList = CB110F6D2AF1C2430017265C /* Build configuration list for PBXNativeTarget "Halloween Candy AppTests" */;
			buildPhases = (
				CB110F522AF1C2430017265C /* Sources */,
				CB110F532AF1C2430017265C /* Frameworks */,
				CB110F542AF1C2430017265C /* Resources */,
			);
			buildRules = (
			);
			dependencies = (
				CB110F582AF1C2430017265C /* PBXTargetDependency */,
			);
			name = "Halloween Candy AppTests";
			productName = "Halloween Candy AppTests";
			productReference = CB110F562AF1C2430017265C /* Halloween Candy AppTests.xctest */;
			productType = "com.apple.product-type.bundle.unit-test";
		};
		CB110F5F2AF1C2430017265C /* Halloween Candy AppUITests */ = {
			isa = PBXNativeTarget;
			buildConfigurationList = CB110F702AF1C2430017265C /* Build configuration list for PBXNativeTarget "Halloween Candy AppUITests" */;
			buildPhases = (
				CB110F5C2AF1C2430017265C /* Sources */,
				CB110F5D2AF1C2430017265C /* Frameworks */,
				CB110F5E2AF1C2430017265C /* Resources */,
			);
			buildRules = (
			);
			dependencies = (
				CB110F622AF1C2430017265C /* PBXTargetDependency */,
			);
			name = "Halloween Candy AppUITests";
			productName = "Halloween Candy AppUITests";
			productReference = CB110F602AF1C2430017265C /* Halloween Candy AppUITests.xctest */;
			productType = "com.apple.product-type.bundle.ui-testing";
		};
/* End PBXNativeTarget section */

/* Begin PBXProject section */
		CB110F382AF1C2420017265C /* Project object */ = {
			isa = PBXProject;
			attributes = {
				BuildIndependentTargetsInParallel = 1;
				LastSwiftUpdateCheck = 1500;
				LastUpgradeCheck = 1500;
				TargetAttributes = {
					CB110F3F2AF1C2420017265C = {
						CreatedOnToolsVersion = 15.0;
					};
					CB110F552AF1C2430017265C = {
						CreatedOnToolsVersion = 15.0;
						TestTargetID = CB110F3F2AF1C2420017265C;
					};
					CB110F5F2AF1C2430017265C = {
						CreatedOnToolsVersion = 15.0;
						TestTargetID = CB110F3F2AF1C2420017265C;
					};
				};
			};
			buildConfigurationList = CB110F3B2AF1C2420017265C /* Build configuration list for PBXProject "Halloween Candy App" */;
			compatibilityVersion = "Xcode 14.0";
			developmentRegion = en;
			hasScannedForEncodings = 0;
			knownRegions = (
				en,
				Base,
			);
			mainGroup = CB110F372AF1C2420017265C;
			productRefGroup = CB110F412AF1C2420017265C /* Products */;
			projectDirPath = "";
			projectRoot = "";
			targets = (
				CB110F3F2AF1C2420017265C /* Halloween Candy App */,
				CB110F552AF1C2430017265C /* Halloween Candy AppTests */,
				CB110F5F2AF1C2430017265C /* Halloween Candy AppUITests */,
			);
		};
/* End PBXProject section */

/* Begin PBXResourcesBuildPhase section */
		CB110F3E2AF1C2420017265C /* Resources */ = {
			isa = PBXResourcesBuildPhase;
			buildActionMask = 2147483647;
			files = (
				CB110F502AF1C2430017265C /* LaunchScreen.storyboard in Resources */,
				CB110F4D2AF1C2430017265C /* Assets.xcassets in Resources */,
				CB110F7C2AF45EAF0017265C /* Property List.plist in Resources */,
				CB110F4B2AF1C2420017265C /* Main.storyboard in Resources */,
			);
			runOnlyForDeploymentPostprocessing = 0;
		};
		CB110F542AF1C2430017265C /* Resources */ = {
			isa = PBXResourcesBuildPhase;
			buildActionMask = 2147483647;
			files = (
			);
			runOnlyForDeploymentPostprocessing = 0;
		};
		CB110F5E2AF1C2430017265C /* Resources */ = {
			isa = PBXResourcesBuildPhase;
			buildActionMask = 2147483647;
			files = (
			);
			runOnlyForDeploymentPostprocessing = 0;
		};
/* End PBXResourcesBuildPhase section */

/* Begin PBXSourcesBuildPhase section */
		CB110F3C2AF1C2420017265C /* Sources */ = {
			isa = PBXSourcesBuildPhase;
			buildActionMask = 2147483647;
			files = (
				CB110F742AF1C4700017265C /* secondViewController.swift in Sources */,
				CB110F482AF1C2420017265C /* ViewController.swift in Sources */,
				CB110F782AF1C48C0017265C /* fourthViewController.swift in Sources */,
				CB110F762AF1C47C0017265C /* thirdViewController.swift in Sources */,
				CB110F442AF1C2420017265C /* AppDelegate.swift in Sources */,
				CB110F462AF1C2420017265C /* SceneDelegate.swift in Sources */,
				CBB95DE92AFAFADC006AFF77 /* secondTableViewController.swift in Sources */,
				CB110F7E2AF466FC0017265C /* secondTableDetailViewController.swift in Sources */,
				CB110F7A2AF1C4950017265C /* fifthViewController.swift in Sources */,
			);
			runOnlyForDeploymentPostprocessing = 0;
		};
		CB110F522AF1C2430017265C /* Sources */ = {
			isa = PBXSourcesBuildPhase;
			buildActionMask = 2147483647;
			files = (
				CB110F5B2AF1C2430017265C /* Halloween_Candy_AppTests.swift in Sources */,
			);
			runOnlyForDeploymentPostprocessing = 0;
		};
		CB110F5C2AF1C2430017265C /* Sources */ = {
			isa = PBXSourcesBuildPhase;
			buildActionMask = 2147483647;
			files = (
				CB110F672AF1C2430017265C /* Halloween_Candy_AppUITestsLaunchTests.swift in Sources */,
				CB110F652AF1C2430017265C /* Halloween_Candy_AppUITests.swift in Sources */,
			);
			runOnlyForDeploymentPostprocessing = 0;
		};
/* End PBXSourcesBuildPhase section */

/* Begin PBXTargetDependency section */
		CB110F582AF1C2430017265C /* PBXTargetDependency */ = {
			isa = PBXTargetDependency;
			target = CB110F3F2AF1C2420017265C /* Halloween Candy App */;
			targetProxy = CB110F572AF1C2430017265C /* PBXContainerItemProxy */;
		};
		CB110F622AF1C2430017265C /* PBXTargetDependency */ = {
			isa = PBXTargetDependency;
			target = CB110F3F2AF1C2420017265C /* Halloween Candy App */;
			targetProxy = CB110F612AF1C2430017265C /* PBXContainerItemProxy */;
		};
/* End PBXTargetDependency section */

/* Begin PBXVariantGroup section */
		CB110F492AF1C2420017265C /* Main.storyboard */ = {
			isa = PBXVariantGroup;
			children = (
				CB110F4A2AF1C2420017265C /* Base */,
			);
			name = Main.storyboard;
			sourceTree = "<group>";
		};
		CB110F4E2AF1C2430017265C /* LaunchScreen.storyboard */ = {
			isa = PBXVariantGroup;
			children = (
				CB110F4F2AF1C2430017265C /* Base */,
			);
			name = LaunchScreen.storyboard;
			sourceTree = "<group>";
		};
/* End PBXVariantGroup section */

/* Begin XCBuildConfiguration section */
		CB110F682AF1C2430017265C /* Debug */ = {
			isa = XCBuildConfiguration;
			buildSettings = {
				ALWAYS_SEARCH_USER_PATHS = NO;
				ASSETCATALOG_COMPILER_GENERATE_SWIFT_ASSET_SYMBOL_EXTENSIONS = YES;
				CLANG_ANALYZER_NONNULL = YES;
				CLANG_ANALYZER_NUMBER_OBJECT_CONVERSION = YES_AGGRESSIVE;
				CLANG_CXX_LANGUAGE_STANDARD = "gnu++20";
				CLANG_ENABLE_MODULES = YES;
				CLANG_ENABLE_OBJC_ARC = YES;
				CLANG_ENABLE_OBJC_WEAK = YES;
				CLANG_WARN_BLOCK_CAPTURE_AUTORELEASING = YES;
				CLANG_WARN_BOOL_CONVERSION = YES;
				CLANG_WARN_COMMA = YES;
				CLANG_WARN_CONSTANT_CONVERSION = YES;
				CLANG_WARN_DEPRECATED_OBJC_IMPLEMENTATIONS = YES;
				CLANG_WARN_DIRECT_OBJC_ISA_USAGE = YES_ERROR;
				CLANG_WARN_DOCUMENTATION_COMMENTS = YES;
				CLANG_WARN_EMPTY_BODY = YES;
				CLANG_WARN_ENUM_CONVERSION = YES;
				CLANG_WARN_INFINITE_RECURSION = YES;
				CLANG_WARN_INT_CONVERSION = YES;
				CLANG_WARN_NON_LITERAL_NULL_CONVERSION = YES;
				CLANG_WARN_OBJC_IMPLICIT_RETAIN_SELF = YES;
				CLANG_WARN_OBJC_LITERAL_CONVERSION = YES;
				CLANG_WARN_OBJC_ROOT_CLASS = YES_ERROR;
				CLANG_WARN_QUOTED_INCLUDE_IN_FRAMEWORK_HEADER = YES;
				CLANG_WARN_RANGE_LOOP_ANALYSIS = YES;
				CLANG_WARN_STRICT_PROTOTYPES = YES;
				CLANG_WARN_SUSPICIOUS_MOVE = YES;
				CLANG_WARN_UNGUARDED_AVAILABILITY = YES_AGGRESSIVE;
				CLANG_WARN_UNREACHABLE_CODE = YES;
				CLANG_WARN__DUPLICATE_METHOD_MATCH = YES;
				COPY_PHASE_STRIP = NO;
				DEBUG_INFORMATION_FORMAT = dwarf;
				ENABLE_STRICT_OBJC_MSGSEND = YES;
				ENABLE_TESTABILITY = YES;
				ENABLE_USER_SCRIPT_SANDBOXING = YES;
				GCC_C_LANGUAGE_STANDARD = gnu17;
				GCC_DYNAMIC_NO_PIC = NO;
				GCC_NO_COMMON_BLOCKS = YES;
				GCC_OPTIMIZATION_LEVEL = 0;
				GCC_PREPROCESSOR_DEFINITIONS = (
					"DEBUG=1",
					"$(inherited)",
				);
				GCC_WARN_64_TO_32_BIT_CONVERSION = YES;
				GCC_WARN_ABOUT_RETURN_TYPE = YES_ERROR;
				GCC_WARN_UNDECLARED_SELECTOR = YES;
				GCC_WARN_UNINITIALIZED_AUTOS = YES_AGGRESSIVE;
				GCC_WARN_UNUSED_FUNCTION = YES;
				GCC_WARN_UNUSED_VARIABLE = YES;
				IPHONEOS_DEPLOYMENT_TARGET = 17.0;
				LOCALIZATION_PREFERS_STRING_CATALOGS = YES;
				MTL_ENABLE_DEBUG_INFO = INCLUDE_SOURCE;
				MTL_FAST_MATH = YES;
				ONLY_ACTIVE_ARCH = YES;
				SDKROOT = iphoneos;
				SWIFT_ACTIVE_COMPILATION_CONDITIONS = "DEBUG $(inherited)";
				SWIFT_OPTIMIZATION_LEVEL = "-Onone";
			};
			name = Debug;
		};
		CB110F692AF1C2430017265C /* Release */ = {
			isa = XCBuildConfiguration;
			buildSettings = {
				ALWAYS_SEARCH_USER_PATHS = NO;
				ASSETCATALOG_COMPILER_GENERATE_SWIFT_ASSET_SYMBOL_EXTENSIONS = YES;
				CLANG_ANALYZER_NONNULL = YES;
				CLANG_ANALYZER_NUMBER_OBJECT_CONVERSION = YES_AGGRESSIVE;
				CLANG_CXX_LANGUAGE_STANDARD = "gnu++20";
				CLANG_ENABLE_MODULES = YES;
				CLANG_ENABLE_OBJC_ARC = YES;
				CLANG_ENABLE_OBJC_WEAK = YES;
				CLANG_WARN_BLOCK_CAPTURE_AUTORELEASING = YES;
				CLANG_WARN_BOOL_CONVERSION = YES;
				CLANG_WARN_COMMA = YES;
				CLANG_WARN_CONSTANT_CONVERSION = YES;
				CLANG_WARN_DEPRECATED_OBJC_IMPLEMENTATIONS = YES;
				CLANG_WARN_DIRECT_OBJC_ISA_USAGE = YES_ERROR;
				CLANG_WARN_DOCUMENTATION_COMMENTS = YES;
				CLANG_WARN_EMPTY_BODY = YES;
				CLANG_WARN_ENUM_CONVERSION = YES;
				CLANG_WARN_INFINITE_RECURSION = YES;
				CLANG_WARN_INT_CONVERSION = YES;
				CLANG_WARN_NON_LITERAL_NULL_CONVERSION = YES;
				CLANG_WARN_OBJC_IMPLICIT_RETAIN_SELF = YES;
				CLANG_WARN_OBJC_LITERAL_CONVERSION = YES;
				CLANG_WARN_OBJC_ROOT_CLASS = YES_ERROR;
				CLANG_WARN_QUOTED_INCLUDE_IN_FRAMEWORK_HEADER = YES;
				CLANG_WARN_RANGE_LOOP_ANALYSIS = YES;
				CLANG_WARN_STRICT_PROTOTYPES = YES;
				CLANG_WARN_SUSPICIOUS_MOVE = YES;
				CLANG_WARN_UNGUARDED_AVAILABILITY = YES_AGGRESSIVE;
				CLANG_WARN_UNREACHABLE_CODE = YES;
				CLANG_WARN__DUPLICATE_METHOD_MATCH = YES;
				COPY_PHASE_STRIP = NO;
				DEBUG_INFORMATION_FORMAT = "dwarf-with-dsym";
				ENABLE_NS_ASSERTIONS = NO;
				ENABLE_STRICT_OBJC_MSGSEND = YES;
				ENABLE_USER_SCRIPT_SANDBOXING = YES;
				GCC_C_LANGUAGE_STANDARD = gnu17;
				GCC_NO_COMMON_BLOCKS = YES;
				GCC_WARN_64_TO_32_BIT_CONVERSION = YES;
				GCC_WARN_ABOUT_RETURN_TYPE = YES_ERROR;
				GCC_WARN_UNDECLARED_SELECTOR = YES;
				GCC_WARN_UNINITIALIZED_AUTOS = YES_AGGRESSIVE;
				GCC_WARN_UNUSED_FUNCTION = YES;
				GCC_WARN_UNUSED_VARIABLE = YES;
				IPHONEOS_DEPLOYMENT_TARGET = 17.0;
				LOCALIZATION_PREFERS_STRING_CATALOGS = YES;
				MTL_ENABLE_DEBUG_INFO = NO;
				MTL_FAST_MATH = YES;
				SDKROOT = iphoneos;
				SWIFT_COMPILATION_MODE = wholemodule;
				VALIDATE_PRODUCT = YES;
			};
			name = Release;
		};
		CB110F6B2AF1C2430017265C /* Debug */ = {
			isa = XCBuildConfiguration;
			buildSettings = {
				ASSETCATALOG_COMPILER_APPICON_NAME = AppIcon;
				ASSETCATALOG_COMPILER_GLOBAL_ACCENT_COLOR_NAME = AccentColor;
				CODE_SIGN_STYLE = Automatic;
				CURRENT_PROJECT_VERSION = 1;
				DEVELOPMENT_TEAM = 249P9RJZMV;
				GENERATE_INFOPLIST_FILE = YES;
				INFOPLIST_FILE = "Halloween Candy App/Info.plist";
				INFOPLIST_KEY_UIApplicationSupportsIndirectInputEvents = YES;
				INFOPLIST_KEY_UILaunchStoryboardName = LaunchScreen;
				INFOPLIST_KEY_UIMainStoryboardFile = Main;
				INFOPLIST_KEY_UISupportedInterfaceOrientations_iPad = "UIInterfaceOrientationPortrait UIInterfaceOrientationPortraitUpsideDown UIInterfaceOrientationLandscapeLeft UIInterfaceOrientationLandscapeRight";
				INFOPLIST_KEY_UISupportedInterfaceOrientations_iPhone = "UIInterfaceOrientationPortrait UIInterfaceOrientationLandscapeLeft UIInterfaceOrientationLandscapeRight";
				LD_RUNPATH_SEARCH_PATHS = (
					"$(inherited)",
					"@executable_path/Frameworks",
				);
				MARKETING_VERSION = 1.0;
				PRODUCT_BUNDLE_IDENTIFIER = "UHWO.Halloween-Candy-App";
				PRODUCT_NAME = "$(TARGET_NAME)";
				SWIFT_EMIT_LOC_STRINGS = YES;
				SWIFT_VERSION = 5.0;
				TARGETED_DEVICE_FAMILY = "1,2";
			};
			name = Debug;
		};
		CB110F6C2AF1C2430017265C /* Release */ = {
			isa = XCBuildConfiguration;
			buildSettings = {
				ASSETCATALOG_COMPILER_APPICON_NAME = AppIcon;
				ASSETCATALOG_COMPILER_GLOBAL_ACCENT_COLOR_NAME = AccentColor;
				CODE_SIGN_STYLE = Automatic;
				CURRENT_PROJECT_VERSION = 1;
				DEVELOPMENT_TEAM = 249P9RJZMV;
				GENERATE_INFOPLIST_FILE = YES;
				INFOPLIST_FILE = "Halloween Candy App/Info.plist";
				INFOPLIST_KEY_UIApplicationSupportsIndirectInputEvents = YES;
				INFOPLIST_KEY_UILaunchStoryboardName = LaunchScreen;
				INFOPLIST_KEY_UIMainStoryboardFile = Main;
				INFOPLIST_KEY_UISupportedInterfaceOrientations_iPad = "UIInterfaceOrientationPortrait UIInterfaceOrientationPortraitUpsideDown UIInterfaceOrientationLandscapeLeft UIInterfaceOrientationLandscapeRight";
				INFOPLIST_KEY_UISupportedInterfaceOrientations_iPhone = "UIInterfaceOrientationPortrait UIInterfaceOrientationLandscapeLeft UIInterfaceOrientationLandscapeRight";
				LD_RUNPATH_SEARCH_PATHS = (
					"$(inherited)",
					"@executable_path/Frameworks",
				);
				MARKETING_VERSION = 1.0;
				PRODUCT_BUNDLE_IDENTIFIER = "UHWO.Halloween-Candy-App";
				PRODUCT_NAME = "$(TARGET_NAME)";
				SWIFT_EMIT_LOC_STRINGS = YES;
				SWIFT_VERSION = 5.0;
				TARGETED_DEVICE_FAMILY = "1,2";
			};
			name = Release;
		};
		CB110F6E2AF1C2430017265C /* Debug */ = {
			isa = XCBuildConfiguration;
			buildSettings = {
				ALWAYS_EMBED_SWIFT_STANDARD_LIBRARIES = YES;
				BUNDLE_LOADER = "$(TEST_HOST)";
				CODE_SIGN_STYLE = Automatic;
				CURRENT_PROJECT_VERSION = 1;
				DEVELOPMENT_TEAM = 249P9RJZMV;
				GENERATE_INFOPLIST_FILE = YES;
				IPHONEOS_DEPLOYMENT_TARGET = 17.0;
				MARKETING_VERSION = 1.0;
				PRODUCT_BUNDLE_IDENTIFIER = "UHWO.Halloween-Candy-AppTests";
				PRODUCT_NAME = "$(TARGET_NAME)";
				SWIFT_EMIT_LOC_STRINGS = NO;
				SWIFT_VERSION = 5.0;
				TARGETED_DEVICE_FAMILY = "1,2";
				TEST_HOST = "$(BUILT_PRODUCTS_DIR)/Halloween Candy App.app/$(BUNDLE_EXECUTABLE_FOLDER_PATH)/Halloween Candy App";
			};
			name = Debug;
		};
		CB110F6F2AF1C2430017265C /* Release */ = {
			isa = XCBuildConfiguration;
			buildSettings = {
				ALWAYS_EMBED_SWIFT_STANDARD_LIBRARIES = YES;
				BUNDLE_LOADER = "$(TEST_HOST)";
				CODE_SIGN_STYLE = Automatic;
				CURRENT_PROJECT_VERSION = 1;
				DEVELOPMENT_TEAM = 249P9RJZMV;
				GENERATE_INFOPLIST_FILE = YES;
				IPHONEOS_DEPLOYMENT_TARGET = 17.0;
				MARKETING_VERSION = 1.0;
				PRODUCT_BUNDLE_IDENTIFIER = "UHWO.Halloween-Candy-AppTests";
				PRODUCT_NAME = "$(TARGET_NAME)";
				SWIFT_EMIT_LOC_STRINGS = NO;
				SWIFT_VERSION = 5.0;
				TARGETED_DEVICE_FAMILY = "1,2";
				TEST_HOST = "$(BUILT_PRODUCTS_DIR)/Halloween Candy App.app/$(BUNDLE_EXECUTABLE_FOLDER_PATH)/Halloween Candy App";
			};
			name = Release;
		};
		CB110F712AF1C2430017265C /* Debug */ = {
			isa = XCBuildConfiguration;
			buildSettings = {
				ALWAYS_EMBED_SWIFT_STANDARD_LIBRARIES = YES;
				CODE_SIGN_STYLE = Automatic;
				CURRENT_PROJECT_VERSION = 1;
				DEVELOPMENT_TEAM = 249P9RJZMV;
				GENERATE_INFOPLIST_FILE = YES;
				MARKETING_VERSION = 1.0;
				PRODUCT_BUNDLE_IDENTIFIER = "UHWO.Halloween-Candy-AppUITests";
				PRODUCT_NAME = "$(TARGET_NAME)";
				SWIFT_EMIT_LOC_STRINGS = NO;
				SWIFT_VERSION = 5.0;
				TARGETED_DEVICE_FAMILY = "1,2";
				TEST_TARGET_NAME = "Halloween Candy App";
			};
			name = Debug;
		};
		CB110F722AF1C2430017265C /* Release */ = {
			isa = XCBuildConfiguration;
			buildSettings = {
				ALWAYS_EMBED_SWIFT_STANDARD_LIBRARIES = YES;
				CODE_SIGN_STYLE = Automatic;
				CURRENT_PROJECT_VERSION = 1;
				DEVELOPMENT_TEAM = 249P9RJZMV;
				GENERATE_INFOPLIST_FILE = YES;
				MARKETING_VERSION = 1.0;
				PRODUCT_BUNDLE_IDENTIFIER = "UHWO.Halloween-Candy-AppUITests";
				PRODUCT_NAME = "$(TARGET_NAME)";
				SWIFT_EMIT_LOC_STRINGS = NO;
				SWIFT_VERSION = 5.0;
				TARGETED_DEVICE_FAMILY = "1,2";
				TEST_TARGET_NAME = "Halloween Candy App";
			};
			name = Release;
		};
/* End XCBuildConfiguration section */

/* Begin XCConfigurationList section */
		CB110F3B2AF1C2420017265C /* Build configuration list for PBXProject "Halloween Candy App" */ = {
			isa = XCConfigurationList;
			buildConfigurations = (
				CB110F682AF1C2430017265C /* Debug */,
				CB110F692AF1C2430017265C /* Release */,
			);
			defaultConfigurationIsVisible = 0;
			defaultConfigurationName = Release;
		};
		CB110F6A2AF1C2430017265C /* Build configuration list for PBXNativeTarget "Halloween Candy App" */ = {
			isa = XCConfigurationList;
			buildConfigurations = (
				CB110F6B2AF1C2430017265C /* Debug */,
				CB110F6C2AF1C2430017265C /* Release */,
			);
			defaultConfigurationIsVisible = 0;
			defaultConfigurationName = Release;
		};
		CB110F6D2AF1C2430017265C /* Build configuration list for PBXNativeTarget "Halloween Candy AppTests" */ = {
			isa = XCConfigurationList;
			buildConfigurations = (
				CB110F6E2AF1C2430017265C /* Debug */,
				CB110F6F2AF1C2430017265C /* Release */,
			);
			defaultConfigurationIsVisible = 0;
			defaultConfigurationName = Release;
		};
		CB110F702AF1C2430017265C /* Build configuration list for PBXNativeTarget "Halloween Candy AppUITests" */ = {
			isa = XCConfigurationList;
			buildConfigurations = (
				CB110F712AF1C2430017265C /* Debug */,
				CB110F722AF1C2430017265C /* Release */,
			);
			defaultConfigurationIsVisible = 0;
			defaultConfigurationName = Release;
		};
/* End XCConfigurationList section */
	};
	rootObject = CB110F382AF1C2420017265C /* Project object */;
}
